
Microsoft Visual Studio Solution File, Format Version 12.00
# Visual Studio Version 16
VisualStudioVersion = 16.0.29009.5
MinimumVisualStudioVersion = 10.0.40219.1
Project("{2150E333-8FDC-42A3-9474-1A3956D46DE8}") = "Solution Items", "Solution Items", "{430309FB-2112-436C-BC55-C6F10F0783C7}"
	ProjectSection(SolutionItems) = preProject
		build.targets = build.targets
		README.md = README.md
		TODO.md = TODO.md
	EndProjectSection
EndProject
Project("{FAE04EC0-301F-11D3-BF4B-00C04F79EFBC}") = "EasyFishing", "EasyFishing\EasyFishing.csproj", "{94BA7B2D-9B9B-405A-8B2E-346DFBA86471}"
EndProject
Project("{FAE04EC0-301F-11D3-BF4B-00C04F79EFBC}") = "EasySave", "EasySave\EasySave.csproj", "{0C93D635-AAFC-4603-BE3C-90700DD76BF6}"
EndProject
Project("{FAE04EC0-301F-11D3-BF4B-00C04F79EFBC}") = "EasySpeedTime", "EasySpeedTime\EasySpeedTime.csproj", "{ABF01D88-A3D6-409D-9389-FD8A63B2D988}"
EndProject
Project("{FAE04EC0-301F-11D3-BF4B-00C04F79EFBC}") = "EasyToolbar", "EasyToolbar\EasyToolbar.csproj", "{9667360E-C450-40D7-A34F-DAC679A9F674}"
EndProject
Project("{FAE04EC0-301F-11D3-BF4B-00C04F79EFBC}") = "EasyMine", "EasyMine\EasyMine.csproj", "{5DCA4B42-D663-497C-947D-EF7B72F4F670}"
EndProject
Global
	GlobalSection(SolutionConfigurationPlatforms) = preSolution
		Debug|Any CPU = Debug|Any CPU
		Release|Any CPU = Release|Any CPU
	EndGlobalSection
	GlobalSection(ProjectConfigurationPlatforms) = postSolution
		{94BA7B2D-9B9B-405A-8B2E-346DFBA86471}.Debug|Any CPU.ActiveCfg = Debug|Any CPU
		{94BA7B2D-9B9B-405A-8B2E-346DFBA86471}.Debug|Any CPU.Build.0 = Debug|Any CPU
		{94BA7B2D-9B9B-405A-8B2E-346DFBA86471}.Release|Any CPU.ActiveCfg = Debug|Any CPU
		{94BA7B2D-9B9B-405A-8B2E-346DFBA86471}.Release|Any CPU.Build.0 = Debug|Any CPU
		{0C93D635-AAFC-4603-BE3C-90700DD76BF6}.Debug|Any CPU.ActiveCfg = Debug|Any CPU
		{0C93D635-AAFC-4603-BE3C-90700DD76BF6}.Debug|Any CPU.Build.0 = Debug|Any CPU
		{0C93D635-AAFC-4603-BE3C-90700DD76BF6}.Release|Any CPU.ActiveCfg = Debug|Any CPU
		{0C93D635-AAFC-4603-BE3C-90700DD76BF6}.Release|Any CPU.Build.0 = Debug|Any CPU
		{ABF01D88-A3D6-409D-9389-FD8A63B2D988}.Debug|Any CPU.ActiveCfg = Debug|Any CPU
		{ABF01D88-A3D6-409D-9389-FD8A63B2D988}.Debug|Any CPU.Build.0 = Debug|Any CPU
		{ABF01D88-A3D6-409D-9389-FD8A63B2D988}.Release|Any CPU.ActiveCfg = Debug|Any CPU
		{ABF01D88-A3D6-409D-9389-FD8A63B2D988}.Release|Any CPU.Build.0 = Debug|Any CPU
		{9667360E-C450-40D7-A34F-DAC679A9F674}.Debug|Any CPU.ActiveCfg = Debug|Any CPU
		{9667360E-C450-40D7-A34F-DAC679A9F674}.Debug|Any CPU.Build.0 = Debug|Any CPU
		{9667360E-C450-40D7-A34F-DAC679A9F674}.Release|Any CPU.ActiveCfg = Debug|Any CPU
		{9667360E-C450-40D7-A34F-DAC679A9F674}.Release|Any CPU.Build.0 = Debug|Any CPU
		{5DCA4B42-D663-497C-947D-EF7B72F4F670}.Debug|Any CPU.ActiveCfg = Debug|Any CPU
		{5DCA4B42-D663-497C-947D-EF7B72F4F670}.Debug|Any CPU.Build.0 = Debug|Any CPU
		{5DCA4B42-D663-497C-947D-EF7B72F4F670}.Release|Any CPU.ActiveCfg = Release|Any CPU
		{5DCA4B42-D663-497C-947D-EF7B72F4F670}.Release|Any CPU.Build.0 = Release|Any CPU
	EndGlobalSection
	GlobalSection(SolutionProperties) = preSolution
		HideSolutionNode = FALSE
	EndGlobalSection
	GlobalSection(ExtensibilityGlobals) = postSolution
		SolutionGuid = {4B58F5A4-9862-45BB-AC32-DFE1C96F1D99}
	EndGlobalSection
EndGlobal
